
Microsoft Visual Studio Solution File, Format Version 12.00
# Visual Studio 15
VisualStudioVersion = 15.0.28307.645
MinimumVisualStudioVersion = 10.0.40219.1
Project("{FAE04EC0-301F-11D3-BF4B-00C04F79EFBC}") = "EIFClientAzureWebJob", "EIFClientAzureWebJob\EIFClientAzureWebJob.csproj", "{BBA79E20-758E-4DFC-92B4-D59C68460995}"
EndProject
Global
	GlobalSection(SolutionConfigurationPlatforms) = preSolution
		Debug|Any CPU = Debug|Any CPU
		Release|Any CPU = Release|Any CPU
	EndGlobalSection
	GlobalSection(ProjectConfigurationPlatforms) = postSolution
		{BBA79E20-758E-4DFC-92B4-D59C68460995}.Debug|Any CPU.ActiveCfg = Debug|Any CPU
		{BBA79E20-758E-4DFC-92B4-D59C68460995}.Debug|Any CPU.Build.0 = Debug|Any CPU
		{BBA79E20-758E-4DFC-92B4-D59C68460995}.Release|Any CPU.ActiveCfg = Release|Any CPU
		{BBA79E20-758E-4DFC-92B4-D59C68460995}.Release|Any CPU.Build.0 = Release|Any CPU
	EndGlobalSection
	GlobalSection(SolutionProperties) = preSolution
		HideSolutionNode = FALSE
	EndGlobalSection
	GlobalSection(ExtensibilityGlobals) = postSolution
		SolutionGuid = {5E6F38D8-DF4C-44B8-9BE1-D6EE09654241}
	EndGlobalSection
EndGlobal
